
Microsoft Visual Studio Solution File, Format Version 12.00
# Visual Studio Version 17
VisualStudioVersion = 17.7.34031.279
MinimumVisualStudioVersion = 10.0.40219.1
Project("{FAE04EC0-301F-11D3-BF4B-00C04F79EFBC}") = "lastTAskweek5", "lastTAskweek5\lastTAskweek5.csproj", "{9ED0A844-8F01-493A-979B-82CCF329C944}"
EndProject
Global
	GlobalSection(SolutionConfigurationPlatforms) = preSolution
		Debug|Any CPU = Debug|Any CPU
		Release|Any CPU = Release|Any CPU
	EndGlobalSection
	GlobalSection(ProjectConfigurationPlatforms) = postSolution
		{9ED0A844-8F01-493A-979B-82CCF329C944}.Debug|Any CPU.ActiveCfg = Debug|Any CPU
		{9ED0A844-8F01-493A-979B-82CCF329C944}.Debug|Any CPU.Build.0 = Debug|Any CPU
		{9ED0A844-8F01-493A-979B-82CCF329C944}.Release|Any CPU.ActiveCfg = Release|Any CPU
		{9ED0A844-8F01-493A-979B-82CCF329C944}.Release|Any CPU.Build.0 = Release|Any CPU
	EndGlobalSection
	GlobalSection(SolutionProperties) = preSolution
		HideSolutionNode = FALSE
	EndGlobalSection
	GlobalSection(ExtensibilityGlobals) = postSolution
		SolutionGuid = {D9675506-C14C-442D-B639-B636C2BF095E}
	EndGlobalSection
EndGlobal
